// !$*UTF8*$!
{
	archiveVersion = 1;
	classes = {
	};
	objectVersion = 50;
	objects = {

/* Begin PBXBuildFile section */
		5993A9D521B56ACD00E2A4B7 /* SwipeGestureProfile.swift in Sources */ = {isa = PBXBuildFile; fileRef = 5993A9D421B56ACD00E2A4B7 /* SwipeGestureProfile.swift */; };
		8A39D2DF21B5637700805F96 /* AppContainerViewController.swift in Sources */ = {isa = PBXBuildFile; fileRef = 8A39D2DE21B5637700805F96 /* AppContainerViewController.swift */; };
		8A39D2E121B564AD00805F96 /* LoginViewController.swift in Sources */ = {isa = PBXBuildFile; fileRef = 8A39D2E021B564AD00805F96 /* LoginViewController.swift */; };
		8A39D2E321B56A7600805F96 /* AppManager.swift in Sources */ = {isa = PBXBuildFile; fileRef = 8A39D2E221B56A7600805F96 /* AppManager.swift */; };
		8AEBC2FB21AC3AF00073B13A /* GoogleService-Info.plist in Resources */ = {isa = PBXBuildFile; fileRef = 8AEBC2FA21AC3AF00073B13A /* GoogleService-Info.plist */; };
		90BEE6979837F77EEA31DA8B /* Pods_DogTinder.framework in Frameworks */ = {isa = PBXBuildFile; fileRef = F005C2DA7C126753C32D9E18 /* Pods_DogTinder.framework */; };
		F74EE0D521A4148800C3D47E /* AppDelegate.swift in Sources */ = {isa = PBXBuildFile; fileRef = F74EE0D421A4148800C3D47E /* AppDelegate.swift */; };
		F74EE0D721A4148800C3D47E /* ViewController.swift in Sources */ = {isa = PBXBuildFile; fileRef = F74EE0D621A4148800C3D47E /* ViewController.swift */; };
		F74EE0DA21A4148800C3D47E /* Main.storyboard in Resources */ = {isa = PBXBuildFile; fileRef = F74EE0D821A4148800C3D47E /* Main.storyboard */; };
		F74EE0DC21A4148800C3D47E /* Assets.xcassets in Resources */ = {isa = PBXBuildFile; fileRef = F74EE0DB21A4148800C3D47E /* Assets.xcassets */; };
		F74EE0DF21A4148800C3D47E /* LaunchScreen.storyboard in Resources */ = {isa = PBXBuildFile; fileRef = F74EE0DD21A4148800C3D47E /* LaunchScreen.storyboard */; };
/* End PBXBuildFile section */

/* Begin PBXFileReference section */
		3FE7A50826B6DD90E0197CC8 /* Pods-DogTinder.debug.xcconfig */ = {isa = PBXFileReference; includeInIndex = 1; lastKnownFileType = text.xcconfig; name = "Pods-DogTinder.debug.xcconfig"; path = "Pods/Target Support Files/Pods-DogTinder/Pods-DogTinder.debug.xcconfig"; sourceTree = "<group>"; };
		5993A9D421B56ACD00E2A4B7 /* SwipeGestureProfile.swift */ = {isa = PBXFileReference; lastKnownFileType = sourcecode.swift; path = SwipeGestureProfile.swift; sourceTree = "<group>"; };
		5EB4BCF2E3E71DD20D504F98 /* Pods-DogTinder.release.xcconfig */ = {isa = PBXFileReference; includeInIndex = 1; lastKnownFileType = text.xcconfig; name = "Pods-DogTinder.release.xcconfig"; path = "Pods/Target Support Files/Pods-DogTinder/Pods-DogTinder.release.xcconfig"; sourceTree = "<group>"; };
		8A39D2DE21B5637700805F96 /* AppContainerViewController.swift */ = {isa = PBXFileReference; lastKnownFileType = sourcecode.swift; path = AppContainerViewController.swift; sourceTree = "<group>"; };
		8A39D2E021B564AD00805F96 /* LoginViewController.swift */ = {isa = PBXFileReference; lastKnownFileType = sourcecode.swift; path = LoginViewController.swift; sourceTree = "<group>"; };
		8A39D2E221B56A7600805F96 /* AppManager.swift */ = {isa = PBXFileReference; fileEncoding = 4; lastKnownFileType = sourcecode.swift; path = AppManager.swift; sourceTree = "<group>"; };
		8AEBC2FA21AC3AF00073B13A /* GoogleService-Info.plist */ = {isa = PBXFileReference; fileEncoding = 4; lastKnownFileType = text.plist.xml; path = "GoogleService-Info.plist"; sourceTree = "<group>"; };
		F005C2DA7C126753C32D9E18 /* Pods_DogTinder.framework */ = {isa = PBXFileReference; explicitFileType = wrapper.framework; includeInIndex = 0; path = Pods_DogTinder.framework; sourceTree = BUILT_PRODUCTS_DIR; };
		F74EE0D121A4148800C3D47E /* DogTinder.app */ = {isa = PBXFileReference; explicitFileType = wrapper.application; includeInIndex = 0; path = DogTinder.app; sourceTree = BUILT_PRODUCTS_DIR; };
		F74EE0D421A4148800C3D47E /* AppDelegate.swift */ = {isa = PBXFileReference; lastKnownFileType = sourcecode.swift; path = AppDelegate.swift; sourceTree = "<group>"; };
		F74EE0D621A4148800C3D47E /* ViewController.swift */ = {isa = PBXFileReference; lastKnownFileType = sourcecode.swift; path = ViewController.swift; sourceTree = "<group>"; };
		F74EE0D921A4148800C3D47E /* Base */ = {isa = PBXFileReference; lastKnownFileType = file.storyboard; name = Base; path = Base.lproj/Main.storyboard; sourceTree = "<group>"; };
		F74EE0DB21A4148800C3D47E /* Assets.xcassets */ = {isa = PBXFileReference; lastKnownFileType = folder.assetcatalog; path = Assets.xcassets; sourceTree = "<group>"; };
		F74EE0DE21A4148800C3D47E /* Base */ = {isa = PBXFileReference; lastKnownFileType = file.storyboard; name = Base; path = Base.lproj/LaunchScreen.storyboard; sourceTree = "<group>"; };
		F74EE0E021A4148800C3D47E /* Info.plist */ = {isa = PBXFileReference; lastKnownFileType = text.plist.xml; path = Info.plist; sourceTree = "<group>"; };
/* End PBXFileReference section */

/* Begin PBXFrameworksBuildPhase section */
		F74EE0CE21A4148800C3D47E /* Frameworks */ = {
			isa = PBXFrameworksBuildPhase;
			buildActionMask = 2147483647;
			files = (
				90BEE6979837F77EEA31DA8B /* Pods_DogTinder.framework in Frameworks */,
			);
			runOnlyForDeploymentPostprocessing = 0;
		};
/* End PBXFrameworksBuildPhase section */

/* Begin PBXGroup section */
		0552624C7299A27E589D28C1 /* Frameworks */ = {
			isa = PBXGroup;
			children = (
				F005C2DA7C126753C32D9E18 /* Pods_DogTinder.framework */,
			);
			name = Frameworks;
			sourceTree = "<group>";
		};
		7B1C6A17FF9B438B6B36CDB8 /* Pods */ = {
			isa = PBXGroup;
			children = (
				3FE7A50826B6DD90E0197CC8 /* Pods-DogTinder.debug.xcconfig */,
				5EB4BCF2E3E71DD20D504F98 /* Pods-DogTinder.release.xcconfig */,
			);
			name = Pods;
			sourceTree = "<group>";
		};
		F74EE0C821A4148800C3D47E = {
			isa = PBXGroup;
			children = (
				F74EE0D321A4148800C3D47E /* DogTinder */,
				F74EE0D221A4148800C3D47E /* Products */,
				7B1C6A17FF9B438B6B36CDB8 /* Pods */,
				0552624C7299A27E589D28C1 /* Frameworks */,
			);
			sourceTree = "<group>";
		};
		F74EE0D221A4148800C3D47E /* Products */ = {
			isa = PBXGroup;
			children = (
				F74EE0D121A4148800C3D47E /* DogTinder.app */,
			);
			name = Products;
			sourceTree = "<group>";
		};
		F74EE0D321A4148800C3D47E /* DogTinder */ = {
			isa = PBXGroup;
			children = (
				8A39D2E021B564AD00805F96 /* LoginViewController.swift */,
				F74EE0D421A4148800C3D47E /* AppDelegate.swift */,
<<<<<<< HEAD
=======
				F74EE0D621A4148800C3D47E /* ViewController.swift */,
<<<<<<< HEAD
				5993A9D421B56ACD00E2A4B7 /* SwipeGestureProfile.swift */,
=======
				8A39D2E221B56A7600805F96 /* AppManager.swift */,
>>>>>>> 00f18cb6f47723381c255b70c2db2a945876f689
>>>>>>> a7fe9c960d275ae3eb70a8d9f79c90fdb7de12c4
				F74EE0D821A4148800C3D47E /* Main.storyboard */,
				8A39D2DE21B5637700805F96 /* AppContainerViewController.swift */,
				F74EE0D621A4148800C3D47E /* ViewController.swift */,
				8A39D2E221B56A7600805F96 /* AppManager.swift */,
				F74EE0DB21A4148800C3D47E /* Assets.xcassets */,
				F74EE0DD21A4148800C3D47E /* LaunchScreen.storyboard */,
				8AEBC2FA21AC3AF00073B13A /* GoogleService-Info.plist */,
				F74EE0E021A4148800C3D47E /* Info.plist */,
			);
			path = DogTinder;
			sourceTree = "<group>";
		};
/* End PBXGroup section */

/* Begin PBXNativeTarget section */
		F74EE0D021A4148800C3D47E /* DogTinder */ = {
			isa = PBXNativeTarget;
			buildConfigurationList = F74EE0E321A4148800C3D47E /* Build configuration list for PBXNativeTarget "DogTinder" */;
			buildPhases = (
				F73920D85B67DE1C7997EEAA /* [CP] Check Pods Manifest.lock */,
				F74EE0CD21A4148800C3D47E /* Sources */,
				F74EE0CE21A4148800C3D47E /* Frameworks */,
				F74EE0CF21A4148800C3D47E /* Resources */,
				756EE6E6A8F0701F54EEE3F5 /* [CP] Embed Pods Frameworks */,
				786848D8AB6A2B06B11259F6 /* [CP] Copy Pods Resources */,
			);
			buildRules = (
			);
			dependencies = (
			);
			name = DogTinder;
			productName = DogTinder;
			productReference = F74EE0D121A4148800C3D47E /* DogTinder.app */;
			productType = "com.apple.product-type.application";
		};
/* End PBXNativeTarget section */

/* Begin PBXProject section */
		F74EE0C921A4148800C3D47E /* Project object */ = {
			isa = PBXProject;
			attributes = {
				KnownAssetTags = (
					LeftSwipe,
					Rightswipe,
				);
				LastSwiftUpdateCheck = 1000;
				LastUpgradeCheck = 1000;
				ORGANIZATIONNAME = "Joshua Neill (s5008067)";
				TargetAttributes = {
					F74EE0D021A4148800C3D47E = {
						CreatedOnToolsVersion = 10.0;
					};
				};
			};
			buildConfigurationList = F74EE0CC21A4148800C3D47E /* Build configuration list for PBXProject "DogTinder" */;
			compatibilityVersion = "Xcode 9.3";
			developmentRegion = en;
			hasScannedForEncodings = 0;
			knownRegions = (
				en,
				Base,
			);
			mainGroup = F74EE0C821A4148800C3D47E;
			productRefGroup = F74EE0D221A4148800C3D47E /* Products */;
			projectDirPath = "";
			projectRoot = "";
			targets = (
				F74EE0D021A4148800C3D47E /* DogTinder */,
			);
		};
/* End PBXProject section */

/* Begin PBXResourcesBuildPhase section */
		F74EE0CF21A4148800C3D47E /* Resources */ = {
			isa = PBXResourcesBuildPhase;
			buildActionMask = 2147483647;
			files = (
				F74EE0DF21A4148800C3D47E /* LaunchScreen.storyboard in Resources */,
				8AEBC2FB21AC3AF00073B13A /* GoogleService-Info.plist in Resources */,
				F74EE0DC21A4148800C3D47E /* Assets.xcassets in Resources */,
				F74EE0DA21A4148800C3D47E /* Main.storyboard in Resources */,
			);
			runOnlyForDeploymentPostprocessing = 0;
		};
/* End PBXResourcesBuildPhase section */

/* Begin PBXShellScriptBuildPhase section */
		756EE6E6A8F0701F54EEE3F5 /* [CP] Embed Pods Frameworks */ = {
			isa = PBXShellScriptBuildPhase;
			buildActionMask = 2147483647;
			files = (
			);
			inputFileListPaths = (
			);
			inputPaths = (
				"${SRCROOT}/Pods/Target Support Files/Pods-DogTinder/Pods-DogTinder-frameworks.sh",
				"${BUILT_PRODUCTS_DIR}/BoringSSL/openssl.framework",
				"${BUILT_PRODUCTS_DIR}/GTMSessionFetcher/GTMSessionFetcher.framework",
				"${BUILT_PRODUCTS_DIR}/GoogleUtilities/GoogleUtilities.framework",
				"${BUILT_PRODUCTS_DIR}/Protobuf/Protobuf.framework",
				"${BUILT_PRODUCTS_DIR}/gRPC-C++/grpcpp.framework",
				"${BUILT_PRODUCTS_DIR}/gRPC-Core/grpc.framework",
				"${BUILT_PRODUCTS_DIR}/leveldb-library/leveldb.framework",
				"${BUILT_PRODUCTS_DIR}/nanopb/nanopb.framework",
			);
			name = "[CP] Embed Pods Frameworks";
			outputFileListPaths = (
			);
			outputPaths = (
				"${TARGET_BUILD_DIR}/${FRAMEWORKS_FOLDER_PATH}/openssl.framework",
				"${TARGET_BUILD_DIR}/${FRAMEWORKS_FOLDER_PATH}/GTMSessionFetcher.framework",
				"${TARGET_BUILD_DIR}/${FRAMEWORKS_FOLDER_PATH}/GoogleUtilities.framework",
				"${TARGET_BUILD_DIR}/${FRAMEWORKS_FOLDER_PATH}/Protobuf.framework",
				"${TARGET_BUILD_DIR}/${FRAMEWORKS_FOLDER_PATH}/grpcpp.framework",
				"${TARGET_BUILD_DIR}/${FRAMEWORKS_FOLDER_PATH}/grpc.framework",
				"${TARGET_BUILD_DIR}/${FRAMEWORKS_FOLDER_PATH}/leveldb.framework",
				"${TARGET_BUILD_DIR}/${FRAMEWORKS_FOLDER_PATH}/nanopb.framework",
			);
			runOnlyForDeploymentPostprocessing = 0;
			shellPath = /bin/sh;
			shellScript = "\"${SRCROOT}/Pods/Target Support Files/Pods-DogTinder/Pods-DogTinder-frameworks.sh\"\n";
			showEnvVarsInLog = 0;
		};
		786848D8AB6A2B06B11259F6 /* [CP] Copy Pods Resources */ = {
			isa = PBXShellScriptBuildPhase;
			buildActionMask = 2147483647;
			files = (
			);
			inputFileListPaths = (
			);
			inputPaths = (
				"${SRCROOT}/Pods/Target Support Files/Pods-DogTinder/Pods-DogTinder-resources.sh",
				"${PODS_CONFIGURATION_BUILD_DIR}/FirebaseFirestore/gRPCCertificates.bundle",
			);
			name = "[CP] Copy Pods Resources";
			outputFileListPaths = (
			);
			outputPaths = (
				"${TARGET_BUILD_DIR}/${UNLOCALIZED_RESOURCES_FOLDER_PATH}/gRPCCertificates.bundle",
			);
			runOnlyForDeploymentPostprocessing = 0;
			shellPath = /bin/sh;
			shellScript = "\"${SRCROOT}/Pods/Target Support Files/Pods-DogTinder/Pods-DogTinder-resources.sh\"\n";
			showEnvVarsInLog = 0;
		};
		F73920D85B67DE1C7997EEAA /* [CP] Check Pods Manifest.lock */ = {
			isa = PBXShellScriptBuildPhase;
			buildActionMask = 2147483647;
			files = (
			);
			inputFileListPaths = (
			);
			inputPaths = (
				"${PODS_PODFILE_DIR_PATH}/Podfile.lock",
				"${PODS_ROOT}/Manifest.lock",
			);
			name = "[CP] Check Pods Manifest.lock";
			outputFileListPaths = (
			);
			outputPaths = (
				"$(DERIVED_FILE_DIR)/Pods-DogTinder-checkManifestLockResult.txt",
			);
			runOnlyForDeploymentPostprocessing = 0;
			shellPath = /bin/sh;
			shellScript = "diff \"${PODS_PODFILE_DIR_PATH}/Podfile.lock\" \"${PODS_ROOT}/Manifest.lock\" > /dev/null\nif [ $? != 0 ] ; then\n    # print error to STDERR\n    echo \"error: The sandbox is not in sync with the Podfile.lock. Run 'pod install' or update your CocoaPods installation.\" >&2\n    exit 1\nfi\n# This output is used by Xcode 'outputs' to avoid re-running this script phase.\necho \"SUCCESS\" > \"${SCRIPT_OUTPUT_FILE_0}\"\n";
			showEnvVarsInLog = 0;
		};
/* End PBXShellScriptBuildPhase section */

/* Begin PBXSourcesBuildPhase section */
		F74EE0CD21A4148800C3D47E /* Sources */ = {
			isa = PBXSourcesBuildPhase;
			buildActionMask = 2147483647;
			files = (
				8A39D2E121B564AD00805F96 /* LoginViewController.swift in Sources */,
				8A39D2E321B56A7600805F96 /* AppManager.swift in Sources */,
				F74EE0D721A4148800C3D47E /* ViewController.swift in Sources */,
				F74EE0D521A4148800C3D47E /* AppDelegate.swift in Sources */,
				5993A9D521B56ACD00E2A4B7 /* SwipeGestureProfile.swift in Sources */,
				8A39D2DF21B5637700805F96 /* AppContainerViewController.swift in Sources */,
			);
			runOnlyForDeploymentPostprocessing = 0;
		};
/* End PBXSourcesBuildPhase section */

/* Begin PBXVariantGroup section */
		F74EE0D821A4148800C3D47E /* Main.storyboard */ = {
			isa = PBXVariantGroup;
			children = (
				F74EE0D921A4148800C3D47E /* Base */,
			);
			name = Main.storyboard;
			sourceTree = "<group>";
		};
		F74EE0DD21A4148800C3D47E /* LaunchScreen.storyboard */ = {
			isa = PBXVariantGroup;
			children = (
				F74EE0DE21A4148800C3D47E /* Base */,
			);
			name = LaunchScreen.storyboard;
			sourceTree = "<group>";
		};
/* End PBXVariantGroup section */

/* Begin XCBuildConfiguration section */
		F74EE0E121A4148800C3D47E /* Debug */ = {
			isa = XCBuildConfiguration;
			buildSettings = {
				ALWAYS_SEARCH_USER_PATHS = NO;
				CLANG_ANALYZER_NONNULL = YES;
				CLANG_ANALYZER_NUMBER_OBJECT_CONVERSION = YES_AGGRESSIVE;
				CLANG_CXX_LANGUAGE_STANDARD = "gnu++14";
				CLANG_CXX_LIBRARY = "libc++";
				CLANG_ENABLE_MODULES = YES;
				CLANG_ENABLE_OBJC_ARC = YES;
				CLANG_ENABLE_OBJC_WEAK = YES;
				CLANG_WARN_BLOCK_CAPTURE_AUTORELEASING = YES;
				CLANG_WARN_BOOL_CONVERSION = YES;
				CLANG_WARN_COMMA = YES;
				CLANG_WARN_CONSTANT_CONVERSION = YES;
				CLANG_WARN_DEPRECATED_OBJC_IMPLEMENTATIONS = YES;
				CLANG_WARN_DIRECT_OBJC_ISA_USAGE = YES_ERROR;
				CLANG_WARN_DOCUMENTATION_COMMENTS = YES;
				CLANG_WARN_EMPTY_BODY = YES;
				CLANG_WARN_ENUM_CONVERSION = YES;
				CLANG_WARN_INFINITE_RECURSION = YES;
				CLANG_WARN_INT_CONVERSION = YES;
				CLANG_WARN_NON_LITERAL_NULL_CONVERSION = YES;
				CLANG_WARN_OBJC_IMPLICIT_RETAIN_SELF = YES;
				CLANG_WARN_OBJC_LITERAL_CONVERSION = YES;
				CLANG_WARN_OBJC_ROOT_CLASS = YES_ERROR;
				CLANG_WARN_RANGE_LOOP_ANALYSIS = YES;
				CLANG_WARN_STRICT_PROTOTYPES = YES;
				CLANG_WARN_SUSPICIOUS_MOVE = YES;
				CLANG_WARN_UNGUARDED_AVAILABILITY = YES_AGGRESSIVE;
				CLANG_WARN_UNREACHABLE_CODE = YES;
				CLANG_WARN__DUPLICATE_METHOD_MATCH = YES;
				CODE_SIGN_IDENTITY = "iPhone Developer";
				COPY_PHASE_STRIP = NO;
				DEBUG_INFORMATION_FORMAT = dwarf;
				ENABLE_STRICT_OBJC_MSGSEND = YES;
				ENABLE_TESTABILITY = YES;
				GCC_C_LANGUAGE_STANDARD = gnu11;
				GCC_DYNAMIC_NO_PIC = NO;
				GCC_NO_COMMON_BLOCKS = YES;
				GCC_OPTIMIZATION_LEVEL = 0;
				GCC_PREPROCESSOR_DEFINITIONS = (
					"DEBUG=1",
					"$(inherited)",
				);
				GCC_WARN_64_TO_32_BIT_CONVERSION = YES;
				GCC_WARN_ABOUT_RETURN_TYPE = YES_ERROR;
				GCC_WARN_UNDECLARED_SELECTOR = YES;
				GCC_WARN_UNINITIALIZED_AUTOS = YES_AGGRESSIVE;
				GCC_WARN_UNUSED_FUNCTION = YES;
				GCC_WARN_UNUSED_VARIABLE = YES;
				IPHONEOS_DEPLOYMENT_TARGET = 12.0;
				MTL_ENABLE_DEBUG_INFO = INCLUDE_SOURCE;
				MTL_FAST_MATH = YES;
				ONLY_ACTIVE_ARCH = YES;
				SDKROOT = iphoneos;
				SWIFT_ACTIVE_COMPILATION_CONDITIONS = DEBUG;
				SWIFT_OPTIMIZATION_LEVEL = "-Onone";
			};
			name = Debug;
		};
		F74EE0E221A4148800C3D47E /* Release */ = {
			isa = XCBuildConfiguration;
			buildSettings = {
				ALWAYS_SEARCH_USER_PATHS = NO;
				CLANG_ANALYZER_NONNULL = YES;
				CLANG_ANALYZER_NUMBER_OBJECT_CONVERSION = YES_AGGRESSIVE;
				CLANG_CXX_LANGUAGE_STANDARD = "gnu++14";
				CLANG_CXX_LIBRARY = "libc++";
				CLANG_ENABLE_MODULES = YES;
				CLANG_ENABLE_OBJC_ARC = YES;
				CLANG_ENABLE_OBJC_WEAK = YES;
				CLANG_WARN_BLOCK_CAPTURE_AUTORELEASING = YES;
				CLANG_WARN_BOOL_CONVERSION = YES;
				CLANG_WARN_COMMA = YES;
				CLANG_WARN_CONSTANT_CONVERSION = YES;
				CLANG_WARN_DEPRECATED_OBJC_IMPLEMENTATIONS = YES;
				CLANG_WARN_DIRECT_OBJC_ISA_USAGE = YES_ERROR;
				CLANG_WARN_DOCUMENTATION_COMMENTS = YES;
				CLANG_WARN_EMPTY_BODY = YES;
				CLANG_WARN_ENUM_CONVERSION = YES;
				CLANG_WARN_INFINITE_RECURSION = YES;
				CLANG_WARN_INT_CONVERSION = YES;
				CLANG_WARN_NON_LITERAL_NULL_CONVERSION = YES;
				CLANG_WARN_OBJC_IMPLICIT_RETAIN_SELF = YES;
				CLANG_WARN_OBJC_LITERAL_CONVERSION = YES;
				CLANG_WARN_OBJC_ROOT_CLASS = YES_ERROR;
				CLANG_WARN_RANGE_LOOP_ANALYSIS = YES;
				CLANG_WARN_STRICT_PROTOTYPES = YES;
				CLANG_WARN_SUSPICIOUS_MOVE = YES;
				CLANG_WARN_UNGUARDED_AVAILABILITY = YES_AGGRESSIVE;
				CLANG_WARN_UNREACHABLE_CODE = YES;
				CLANG_WARN__DUPLICATE_METHOD_MATCH = YES;
				CODE_SIGN_IDENTITY = "iPhone Developer";
				COPY_PHASE_STRIP = NO;
				DEBUG_INFORMATION_FORMAT = "dwarf-with-dsym";
				ENABLE_NS_ASSERTIONS = NO;
				ENABLE_STRICT_OBJC_MSGSEND = YES;
				GCC_C_LANGUAGE_STANDARD = gnu11;
				GCC_NO_COMMON_BLOCKS = YES;
				GCC_WARN_64_TO_32_BIT_CONVERSION = YES;
				GCC_WARN_ABOUT_RETURN_TYPE = YES_ERROR;
				GCC_WARN_UNDECLARED_SELECTOR = YES;
				GCC_WARN_UNINITIALIZED_AUTOS = YES_AGGRESSIVE;
				GCC_WARN_UNUSED_FUNCTION = YES;
				GCC_WARN_UNUSED_VARIABLE = YES;
				IPHONEOS_DEPLOYMENT_TARGET = 12.0;
				MTL_ENABLE_DEBUG_INFO = NO;
				MTL_FAST_MATH = YES;
				SDKROOT = iphoneos;
				SWIFT_COMPILATION_MODE = wholemodule;
				SWIFT_OPTIMIZATION_LEVEL = "-O";
				VALIDATE_PRODUCT = YES;
			};
			name = Release;
		};
		F74EE0E421A4148800C3D47E /* Debug */ = {
			isa = XCBuildConfiguration;
			baseConfigurationReference = 3FE7A50826B6DD90E0197CC8 /* Pods-DogTinder.debug.xcconfig */;
			buildSettings = {
				ASSETCATALOG_COMPILER_APPICON_NAME = AppIcon;
				CODE_SIGN_STYLE = Automatic;
				INFOPLIST_FILE = DogTinder/Info.plist;
				LD_RUNPATH_SEARCH_PATHS = (
					"$(inherited)",
					"@executable_path/Frameworks",
				);
				PRODUCT_BUNDLE_IDENTIFIER = uiasdf.DogTinder;
				PRODUCT_NAME = "$(TARGET_NAME)";
				SWIFT_VERSION = 4.2;
				TARGETED_DEVICE_FAMILY = "1,2";
			};
			name = Debug;
		};
		F74EE0E521A4148800C3D47E /* Release */ = {
			isa = XCBuildConfiguration;
			baseConfigurationReference = 5EB4BCF2E3E71DD20D504F98 /* Pods-DogTinder.release.xcconfig */;
			buildSettings = {
				ASSETCATALOG_COMPILER_APPICON_NAME = AppIcon;
				CODE_SIGN_STYLE = Automatic;
				INFOPLIST_FILE = DogTinder/Info.plist;
				LD_RUNPATH_SEARCH_PATHS = (
					"$(inherited)",
					"@executable_path/Frameworks",
				);
				PRODUCT_BUNDLE_IDENTIFIER = uiasdf.DogTinder;
				PRODUCT_NAME = "$(TARGET_NAME)";
				SWIFT_VERSION = 4.2;
				TARGETED_DEVICE_FAMILY = "1,2";
			};
			name = Release;
		};
/* End XCBuildConfiguration section */

/* Begin XCConfigurationList section */
		F74EE0CC21A4148800C3D47E /* Build configuration list for PBXProject "DogTinder" */ = {
			isa = XCConfigurationList;
			buildConfigurations = (
				F74EE0E121A4148800C3D47E /* Debug */,
				F74EE0E221A4148800C3D47E /* Release */,
			);
			defaultConfigurationIsVisible = 0;
			defaultConfigurationName = Release;
		};
		F74EE0E321A4148800C3D47E /* Build configuration list for PBXNativeTarget "DogTinder" */ = {
			isa = XCConfigurationList;
			buildConfigurations = (
				F74EE0E421A4148800C3D47E /* Debug */,
				F74EE0E521A4148800C3D47E /* Release */,
			);
			defaultConfigurationIsVisible = 0;
			defaultConfigurationName = Release;
		};
/* End XCConfigurationList section */
	};
	rootObject = F74EE0C921A4148800C3D47E /* Project object */;
}
